
Microsoft Visual Studio Solution File, Format Version 12.00
# Visual Studio Version 17
VisualStudioVersion = 17.13.35931.197 d17.13
MinimumVisualStudioVersion = 10.0.40219.1
Project("{FAE04EC0-301F-11D3-BF4B-00C04F79EFBC}") = "projeto_webApi", "projeto_webApi\projeto_webApi.csproj", "{594BF576-53DD-4E5C-BE41-C689074A8434}"
EndProject
Global
	GlobalSection(SolutionConfigurationPlatforms) = preSolution
		Debug|Any CPU = Debug|Any CPU
		Release|Any CPU = Release|Any CPU
	EndGlobalSection
	GlobalSection(ProjectConfigurationPlatforms) = postSolution
		{594BF576-53DD-4E5C-BE41-C689074A8434}.Debug|Any CPU.ActiveCfg = Debug|Any CPU
		{594BF576-53DD-4E5C-BE41-C689074A8434}.Debug|Any CPU.Build.0 = Debug|Any CPU
		{594BF576-53DD-4E5C-BE41-C689074A8434}.Release|Any CPU.ActiveCfg = Release|Any CPU
		{594BF576-53DD-4E5C-BE41-C689074A8434}.Release|Any CPU.Build.0 = Release|Any CPU
	EndGlobalSection
	GlobalSection(SolutionProperties) = preSolution
		HideSolutionNode = FALSE
	EndGlobalSection
	GlobalSection(ExtensibilityGlobals) = postSolution
		SolutionGuid = {CDE6D3E2-66B7-4287-A19E-10A1039E63A9}
	EndGlobalSection
EndGlobal
