
Microsoft Visual Studio Solution File, Format Version 12.00
# Visual Studio Version 17
VisualStudioVersion = 17.13.35931.197 d17.13
MinimumVisualStudioVersion = 10.0.40219.1
Project("{FAE04EC0-301F-11D3-BF4B-00C04F79EFBC}") = "proj_webapi", "proj_webapi\proj_webapi.csproj", "{311F8635-59A6-4BC4-88F3-1AE8A56FFC3A}"
EndProject
Global
	GlobalSection(SolutionConfigurationPlatforms) = preSolution
		Debug|Any CPU = Debug|Any CPU
		Release|Any CPU = Release|Any CPU
	EndGlobalSection
	GlobalSection(ProjectConfigurationPlatforms) = postSolution
		{311F8635-59A6-4BC4-88F3-1AE8A56FFC3A}.Debug|Any CPU.ActiveCfg = Debug|Any CPU
		{311F8635-59A6-4BC4-88F3-1AE8A56FFC3A}.Debug|Any CPU.Build.0 = Debug|Any CPU
		{311F8635-59A6-4BC4-88F3-1AE8A56FFC3A}.Release|Any CPU.ActiveCfg = Release|Any CPU
		{311F8635-59A6-4BC4-88F3-1AE8A56FFC3A}.Release|Any CPU.Build.0 = Release|Any CPU
	EndGlobalSection
	GlobalSection(SolutionProperties) = preSolution
		HideSolutionNode = FALSE
	EndGlobalSection
	GlobalSection(ExtensibilityGlobals) = postSolution
		SolutionGuid = {ADC97044-11D5-4B9A-A8E6-4FEC9ED8930B}
	EndGlobalSection
EndGlobal
